
Microsoft Visual Studio Solution File, Format Version 12.00
# Visual Studio Version 17
VisualStudioVersion = 17.9.34607.119
MinimumVisualStudioVersion = 10.0.40219.1
Project("{FAE04EC0-301F-11D3-BF4B-00C04F79EFBC}") = "Orders.Backend", "Orders.Backend\Orders.Backend.csproj", "{9A3CC35A-6CB2-4831-A1BC-F5BFCB42FEB1}"
EndProject
Project("{FAE04EC0-301F-11D3-BF4B-00C04F79EFBC}") = "Orders.Frontend", "Orders.Frontend\Orders.Frontend.csproj", "{E86A4482-228A-4C02-B4BB-6B705B155088}"
EndProject
Project("{FAE04EC0-301F-11D3-BF4B-00C04F79EFBC}") = "Orders.Shared", "Orders.Shared\Orders.Shared.csproj", "{B9C51D2F-FF46-4223-9D6E-B38EAEF295A5}"
EndProject
Project("{FAE04EC0-301F-11D3-BF4B-00C04F79EFBC}") = "Orders.Tests", "Orders.Tests\Orders.Tests.csproj", "{8CF4BE52-8E9A-4870-B760-726E5F16995F}"
EndProject
Global
	GlobalSection(SolutionConfigurationPlatforms) = preSolution
		Debug|Any CPU = Debug|Any CPU
		Release|Any CPU = Release|Any CPU
	EndGlobalSection
	GlobalSection(ProjectConfigurationPlatforms) = postSolution
		{9A3CC35A-6CB2-4831-A1BC-F5BFCB42FEB1}.Debug|Any CPU.ActiveCfg = Debug|Any CPU
		{9A3CC35A-6CB2-4831-A1BC-F5BFCB42FEB1}.Debug|Any CPU.Build.0 = Debug|Any CPU
		{9A3CC35A-6CB2-4831-A1BC-F5BFCB42FEB1}.Release|Any CPU.ActiveCfg = Release|Any CPU
		{9A3CC35A-6CB2-4831-A1BC-F5BFCB42FEB1}.Release|Any CPU.Build.0 = Release|Any CPU
		{E86A4482-228A-4C02-B4BB-6B705B155088}.Debug|Any CPU.ActiveCfg = Debug|Any CPU
		{E86A4482-228A-4C02-B4BB-6B705B155088}.Debug|Any CPU.Build.0 = Debug|Any CPU
		{E86A4482-228A-4C02-B4BB-6B705B155088}.Release|Any CPU.ActiveCfg = Release|Any CPU
		{E86A4482-228A-4C02-B4BB-6B705B155088}.Release|Any CPU.Build.0 = Release|Any CPU
		{B9C51D2F-FF46-4223-9D6E-B38EAEF295A5}.Debug|Any CPU.ActiveCfg = Debug|Any CPU
		{B9C51D2F-FF46-4223-9D6E-B38EAEF295A5}.Debug|Any CPU.Build.0 = Debug|Any CPU
		{B9C51D2F-FF46-4223-9D6E-B38EAEF295A5}.Release|Any CPU.ActiveCfg = Release|Any CPU
		{B9C51D2F-FF46-4223-9D6E-B38EAEF295A5}.Release|Any CPU.Build.0 = Release|Any CPU
		{8CF4BE52-8E9A-4870-B760-726E5F16995F}.Debug|Any CPU.ActiveCfg = Debug|Any CPU
		{8CF4BE52-8E9A-4870-B760-726E5F16995F}.Debug|Any CPU.Build.0 = Debug|Any CPU
		{8CF4BE52-8E9A-4870-B760-726E5F16995F}.Release|Any CPU.ActiveCfg = Release|Any CPU
		{8CF4BE52-8E9A-4870-B760-726E5F16995F}.Release|Any CPU.Build.0 = Release|Any CPU
	EndGlobalSection
	GlobalSection(SolutionProperties) = preSolution
		HideSolutionNode = FALSE
	EndGlobalSection
	GlobalSection(ExtensibilityGlobals) = postSolution
		SolutionGuid = {936F507D-7669-468C-AE6F-2668546CB442}
	EndGlobalSection
EndGlobal
